
Microsoft Visual Studio Solution File, Format Version 12.00
# Visual Studio 2017
Project("{FAE04EC0-301F-11D3-BF4B-00C04F79EFBC}") = "ArmyGame", "ArmyGame.csproj", "{157D63A1-9809-70A0-EA84-0F328EC1121F}"
EndProject
Global
	GlobalSection(SolutionConfigurationPlatforms) = preSolution
		Debug|Any CPU = Debug|Any CPU
		Release|Any CPU = Release|Any CPU
	EndGlobalSection
	GlobalSection(ProjectConfigurationPlatforms) = postSolution
		{157D63A1-9809-70A0-EA84-0F328EC1121F}.Debug|Any CPU.ActiveCfg = Debug|Any CPU
		{157D63A1-9809-70A0-EA84-0F328EC1121F}.Debug|Any CPU.Build.0 = Debug|Any CPU
		{157D63A1-9809-70A0-EA84-0F328EC1121F}.Release|Any CPU.ActiveCfg = Release|Any CPU
		{157D63A1-9809-70A0-EA84-0F328EC1121F}.Release|Any CPU.Build.0 = Release|Any CPU
	EndGlobalSection
	GlobalSection(SolutionProperties) = preSolution
		HideSolutionNode = FALSE
	EndGlobalSection
EndGlobal
